
Microsoft Visual Studio Solution File, Format Version 12.00
# Visual Studio Version 16
VisualStudioVersion = 16.0.30907.101
MinimumVisualStudioVersion = 10.0.40219.1
Project("{FAE04EC0-301F-11D3-BF4B-00C04F79EFBC}") = "store", "store\store.csproj", "{F90F44EB-91EA-4491-98FC-808B0D1F88A5}"
EndProject
Global
	GlobalSection(SolutionConfigurationPlatforms) = preSolution
		Debug|Any CPU = Debug|Any CPU
		Release|Any CPU = Release|Any CPU
	EndGlobalSection
	GlobalSection(ProjectConfigurationPlatforms) = postSolution
		{F90F44EB-91EA-4491-98FC-808B0D1F88A5}.Debug|Any CPU.ActiveCfg = Debug|Any CPU
		{F90F44EB-91EA-4491-98FC-808B0D1F88A5}.Debug|Any CPU.Build.0 = Debug|Any CPU
		{F90F44EB-91EA-4491-98FC-808B0D1F88A5}.Release|Any CPU.ActiveCfg = Release|Any CPU
		{F90F44EB-91EA-4491-98FC-808B0D1F88A5}.Release|Any CPU.Build.0 = Release|Any CPU
	EndGlobalSection
	GlobalSection(SolutionProperties) = preSolution
		HideSolutionNode = FALSE
	EndGlobalSection
	GlobalSection(ExtensibilityGlobals) = postSolution
		SolutionGuid = {B5602D1A-1953-4049-B0C0-D33DC19DB2D7}
	EndGlobalSection
EndGlobal
